
Microsoft Visual Studio Solution File, Format Version 12.00
# Visual Studio Version 17
VisualStudioVersion = 17.5.002.0
MinimumVisualStudioVersion = 10.0.40219.1
Project("{2150E333-8FDC-42A3-9474-1A3956D46DE8}") = "sandbox", "sandbox", "{F84D6EBC-CA4F-4CD5-89C2-A0DBF8CAEF76}"
EndProject
Project("{9A19103F-16F7-4668-BE54-9A1E7A4F7556}") = "sandbox_project", "sandbox\sandbox_project\sandbox_project.csproj", "{8A97250D-1DFC-42AD-A76F-77427E3BA662}"
EndProject
Project("{2150E333-8FDC-42A3-9474-1A3956D46DE8}") = "week01", "week01", "{4130974F-4572-44CE-93B9-660BAC7C392B}"
EndProject
Project("{9A19103F-16F7-4668-BE54-9A1E7A4F7556}") = "analyze", "week01\analyze\analyze.csproj", "{5AF1F875-E140-4B69-93AD-EF37C57DD5BC}"
EndProject
Project("{9A19103F-16F7-4668-BE54-9A1E7A4F7556}") = "code", "week01\code\code.csproj", "{5CED77B8-BDBD-492B-8831-7F91DE3B72DB}"
EndProject
Project("{9A19103F-16F7-4668-BE54-9A1E7A4F7556}") = "teach", "week01\teach\teach.csproj", "{711B686D-5126-44D9-AA19-E7665D7A0855}"
EndProject
Project("{2150E333-8FDC-42A3-9474-1A3956D46DE8}") = "week02", "week02", "{3ACAADA8-60EA-4386-A86F-02EDE87C7869}"
EndProject
Project("{9A19103F-16F7-4668-BE54-9A1E7A4F7556}") = "analyze", "week02\analyze\analyze.csproj", "{F96A3A67-609D-4257-AC1B-D557802471D1}"
EndProject
Project("{9A19103F-16F7-4668-BE54-9A1E7A4F7556}") = "code", "week02\code\code.csproj", "{E1651CD6-EDC2-4084-B14B-E3AB91F26DA6}"
EndProject
Project("{9A19103F-16F7-4668-BE54-9A1E7A4F7556}") = "learn", "week02\learn\learn.csproj", "{40FC5C36-C42C-4ED9-BE09-B6432FBE9D39}"
EndProject
Project("{9A19103F-16F7-4668-BE54-9A1E7A4F7556}") = "teach", "week02\teach\teach.csproj", "{9CB2AEE3-C868-4C7E-82FB-3199505210FA}"
EndProject
Project("{2150E333-8FDC-42A3-9474-1A3956D46DE8}") = "week03", "week03", "{DEA2E6B6-672D-49D9-ADA5-5CC77462FA30}"
EndProject
Project("{9A19103F-16F7-4668-BE54-9A1E7A4F7556}") = "code", "week03\code\code.csproj", "{27928CA1-B6E1-4FAA-B935-D376375EE696}"
EndProject
Project("{9A19103F-16F7-4668-BE54-9A1E7A4F7556}") = "learn", "week03\learn\learn.csproj", "{B20A8B90-27E0-4CDA-818C-2492916A7959}"
EndProject
Project("{9A19103F-16F7-4668-BE54-9A1E7A4F7556}") = "teach", "week03\teach\teach.csproj", "{050147FA-A916-49D8-80C4-2856045BA7E4}"
EndProject
Project("{2150E333-8FDC-42A3-9474-1A3956D46DE8}") = "week04", "week04", "{DF356AFC-9AA7-44B3-97F6-41287B829447}"
EndProject
Project("{9A19103F-16F7-4668-BE54-9A1E7A4F7556}") = "code", "week04\code\code.csproj", "{2A8B46AA-1B25-4B25-A13C-27C2BB230B2D}"
EndProject
Project("{2150E333-8FDC-42A3-9474-1A3956D46DE8}") = "week05", "week05", "{6F1B140B-1D2B-4ABE-BD0E-521A074D429C}"
EndProject
Project("{9A19103F-16F7-4668-BE54-9A1E7A4F7556}") = "code", "week05\code\code.csproj", "{32370D4B-D351-4C7A-AE40-20DBFD80A8E1}"
EndProject
Project("{2150E333-8FDC-42A3-9474-1A3956D46DE8}") = "week06", "week06", "{1F447716-35ED-4494-AACA-45627D07AEBA}"
EndProject
Project("{9A19103F-16F7-4668-BE54-9A1E7A4F7556}") = "code", "week06\code\code.csproj", "{7E06A977-6EB9-4E68-B2EE-E655D2CE7833}"
EndProject
Global
	GlobalSection(SolutionConfigurationPlatforms) = preSolution
		Debug|Any CPU = Debug|Any CPU
		Release|Any CPU = Release|Any CPU
	EndGlobalSection
	GlobalSection(ProjectConfigurationPlatforms) = postSolution
		{8A97250D-1DFC-42AD-A76F-77427E3BA662}.Debug|Any CPU.ActiveCfg = Debug|Any CPU
		{8A97250D-1DFC-42AD-A76F-77427E3BA662}.Debug|Any CPU.Build.0 = Debug|Any CPU
		{8A97250D-1DFC-42AD-A76F-77427E3BA662}.Release|Any CPU.ActiveCfg = Release|Any CPU
		{8A97250D-1DFC-42AD-A76F-77427E3BA662}.Release|Any CPU.Build.0 = Release|Any CPU
		{5AF1F875-E140-4B69-93AD-EF37C57DD5BC}.Debug|Any CPU.ActiveCfg = Debug|Any CPU
		{5AF1F875-E140-4B69-93AD-EF37C57DD5BC}.Debug|Any CPU.Build.0 = Debug|Any CPU
		{5AF1F875-E140-4B69-93AD-EF37C57DD5BC}.Release|Any CPU.ActiveCfg = Release|Any CPU
		{5AF1F875-E140-4B69-93AD-EF37C57DD5BC}.Release|Any CPU.Build.0 = Release|Any CPU
		{5CED77B8-BDBD-492B-8831-7F91DE3B72DB}.Debug|Any CPU.ActiveCfg = Debug|Any CPU
		{5CED77B8-BDBD-492B-8831-7F91DE3B72DB}.Debug|Any CPU.Build.0 = Debug|Any CPU
		{5CED77B8-BDBD-492B-8831-7F91DE3B72DB}.Release|Any CPU.ActiveCfg = Release|Any CPU
		{5CED77B8-BDBD-492B-8831-7F91DE3B72DB}.Release|Any CPU.Build.0 = Release|Any CPU
		{711B686D-5126-44D9-AA19-E7665D7A0855}.Debug|Any CPU.ActiveCfg = Debug|Any CPU
		{711B686D-5126-44D9-AA19-E7665D7A0855}.Debug|Any CPU.Build.0 = Debug|Any CPU
		{711B686D-5126-44D9-AA19-E7665D7A0855}.Release|Any CPU.ActiveCfg = Release|Any CPU
		{711B686D-5126-44D9-AA19-E7665D7A0855}.Release|Any CPU.Build.0 = Release|Any CPU
		{F96A3A67-609D-4257-AC1B-D557802471D1}.Debug|Any CPU.ActiveCfg = Debug|Any CPU
		{F96A3A67-609D-4257-AC1B-D557802471D1}.Debug|Any CPU.Build.0 = Debug|Any CPU
		{F96A3A67-609D-4257-AC1B-D557802471D1}.Release|Any CPU.ActiveCfg = Release|Any CPU
		{F96A3A67-609D-4257-AC1B-D557802471D1}.Release|Any CPU.Build.0 = Release|Any CPU
		{E1651CD6-EDC2-4084-B14B-E3AB91F26DA6}.Debug|Any CPU.ActiveCfg = Debug|Any CPU
		{E1651CD6-EDC2-4084-B14B-E3AB91F26DA6}.Debug|Any CPU.Build.0 = Debug|Any CPU
		{E1651CD6-EDC2-4084-B14B-E3AB91F26DA6}.Release|Any CPU.ActiveCfg = Release|Any CPU
		{E1651CD6-EDC2-4084-B14B-E3AB91F26DA6}.Release|Any CPU.Build.0 = Release|Any CPU
		{40FC5C36-C42C-4ED9-BE09-B6432FBE9D39}.Debug|Any CPU.ActiveCfg = Debug|Any CPU
		{40FC5C36-C42C-4ED9-BE09-B6432FBE9D39}.Debug|Any CPU.Build.0 = Debug|Any CPU
		{40FC5C36-C42C-4ED9-BE09-B6432FBE9D39}.Release|Any CPU.ActiveCfg = Release|Any CPU
		{40FC5C36-C42C-4ED9-BE09-B6432FBE9D39}.Release|Any CPU.Build.0 = Release|Any CPU
		{9CB2AEE3-C868-4C7E-82FB-3199505210FA}.Debug|Any CPU.ActiveCfg = Debug|Any CPU
		{9CB2AEE3-C868-4C7E-82FB-3199505210FA}.Debug|Any CPU.Build.0 = Debug|Any CPU
		{9CB2AEE3-C868-4C7E-82FB-3199505210FA}.Release|Any CPU.ActiveCfg = Release|Any CPU
		{9CB2AEE3-C868-4C7E-82FB-3199505210FA}.Release|Any CPU.Build.0 = Release|Any CPU
		{27928CA1-B6E1-4FAA-B935-D376375EE696}.Debug|Any CPU.ActiveCfg = Debug|Any CPU
		{27928CA1-B6E1-4FAA-B935-D376375EE696}.Debug|Any CPU.Build.0 = Debug|Any CPU
		{27928CA1-B6E1-4FAA-B935-D376375EE696}.Release|Any CPU.ActiveCfg = Release|Any CPU
		{27928CA1-B6E1-4FAA-B935-D376375EE696}.Release|Any CPU.Build.0 = Release|Any CPU
		{B20A8B90-27E0-4CDA-818C-2492916A7959}.Debug|Any CPU.ActiveCfg = Debug|Any CPU
		{B20A8B90-27E0-4CDA-818C-2492916A7959}.Debug|Any CPU.Build.0 = Debug|Any CPU
		{B20A8B90-27E0-4CDA-818C-2492916A7959}.Release|Any CPU.ActiveCfg = Release|Any CPU
		{B20A8B90-27E0-4CDA-818C-2492916A7959}.Release|Any CPU.Build.0 = Release|Any CPU
		{050147FA-A916-49D8-80C4-2856045BA7E4}.Debug|Any CPU.ActiveCfg = Debug|Any CPU
		{050147FA-A916-49D8-80C4-2856045BA7E4}.Debug|Any CPU.Build.0 = Debug|Any CPU
		{050147FA-A916-49D8-80C4-2856045BA7E4}.Release|Any CPU.ActiveCfg = Release|Any CPU
		{050147FA-A916-49D8-80C4-2856045BA7E4}.Release|Any CPU.Build.0 = Release|Any CPU
		{2A8B46AA-1B25-4B25-A13C-27C2BB230B2D}.Debug|Any CPU.ActiveCfg = Debug|Any CPU
		{2A8B46AA-1B25-4B25-A13C-27C2BB230B2D}.Debug|Any CPU.Build.0 = Debug|Any CPU
		{2A8B46AA-1B25-4B25-A13C-27C2BB230B2D}.Release|Any CPU.ActiveCfg = Release|Any CPU
		{2A8B46AA-1B25-4B25-A13C-27C2BB230B2D}.Release|Any CPU.Build.0 = Release|Any CPU
		{32370D4B-D351-4C7A-AE40-20DBFD80A8E1}.Debug|Any CPU.ActiveCfg = Debug|Any CPU
		{32370D4B-D351-4C7A-AE40-20DBFD80A8E1}.Debug|Any CPU.Build.0 = Debug|Any CPU
		{32370D4B-D351-4C7A-AE40-20DBFD80A8E1}.Release|Any CPU.ActiveCfg = Release|Any CPU
		{32370D4B-D351-4C7A-AE40-20DBFD80A8E1}.Release|Any CPU.Build.0 = Release|Any CPU
		{7E06A977-6EB9-4E68-B2EE-E655D2CE7833}.Debug|Any CPU.ActiveCfg = Debug|Any CPU
		{7E06A977-6EB9-4E68-B2EE-E655D2CE7833}.Debug|Any CPU.Build.0 = Debug|Any CPU
		{7E06A977-6EB9-4E68-B2EE-E655D2CE7833}.Release|Any CPU.ActiveCfg = Release|Any CPU
		{7E06A977-6EB9-4E68-B2EE-E655D2CE7833}.Release|Any CPU.Build.0 = Release|Any CPU
	EndGlobalSection
	GlobalSection(SolutionProperties) = preSolution
		HideSolutionNode = FALSE
	EndGlobalSection
	GlobalSection(NestedProjects) = preSolution
		{8A97250D-1DFC-42AD-A76F-77427E3BA662} = {F84D6EBC-CA4F-4CD5-89C2-A0DBF8CAEF76}
		{5AF1F875-E140-4B69-93AD-EF37C57DD5BC} = {4130974F-4572-44CE-93B9-660BAC7C392B}
		{5CED77B8-BDBD-492B-8831-7F91DE3B72DB} = {4130974F-4572-44CE-93B9-660BAC7C392B}
		{711B686D-5126-44D9-AA19-E7665D7A0855} = {4130974F-4572-44CE-93B9-660BAC7C392B}
		{F96A3A67-609D-4257-AC1B-D557802471D1} = {3ACAADA8-60EA-4386-A86F-02EDE87C7869}
		{E1651CD6-EDC2-4084-B14B-E3AB91F26DA6} = {3ACAADA8-60EA-4386-A86F-02EDE87C7869}
		{40FC5C36-C42C-4ED9-BE09-B6432FBE9D39} = {3ACAADA8-60EA-4386-A86F-02EDE87C7869}
		{9CB2AEE3-C868-4C7E-82FB-3199505210FA} = {3ACAADA8-60EA-4386-A86F-02EDE87C7869}
		{27928CA1-B6E1-4FAA-B935-D376375EE696} = {DEA2E6B6-672D-49D9-ADA5-5CC77462FA30}
		{B20A8B90-27E0-4CDA-818C-2492916A7959} = {DEA2E6B6-672D-49D9-ADA5-5CC77462FA30}
		{050147FA-A916-49D8-80C4-2856045BA7E4} = {DEA2E6B6-672D-49D9-ADA5-5CC77462FA30}
		{2A8B46AA-1B25-4B25-A13C-27C2BB230B2D} = {DF356AFC-9AA7-44B3-97F6-41287B829447}
		{32370D4B-D351-4C7A-AE40-20DBFD80A8E1} = {6F1B140B-1D2B-4ABE-BD0E-521A074D429C}
		{7E06A977-6EB9-4E68-B2EE-E655D2CE7833} = {1F447716-35ED-4494-AACA-45627D07AEBA}
	EndGlobalSection
	GlobalSection(ExtensibilityGlobals) = postSolution
		SolutionGuid = {A78E0246-7FD3-42D3-ACEA-628114F2B06F}
	EndGlobalSection
EndGlobal
